
Microsoft Visual Studio Solution File, Format Version 11.00
# Visual Studio 2010
Project("{FAE04EC0-301F-11D3-BF4B-00C04F79EFBC}") = "AlternateController", "AlternateController.csproj", "{25B57CFA-2655-41EE-A1C2-3F1F2E54412F}"
EndProject
Global
	GlobalSection(SolutionConfigurationPlatforms) = preSolution
		Debug|Any CPU = Debug|Any CPU
		Release|Any CPU = Release|Any CPU
	EndGlobalSection
	GlobalSection(ProjectConfigurationPlatforms) = postSolution
		{25B57CFA-2655-41EE-A1C2-3F1F2E54412F}.Debug|Any CPU.ActiveCfg = Debug|Any CPU
		{25B57CFA-2655-41EE-A1C2-3F1F2E54412F}.Debug|Any CPU.Build.0 = Debug|Any CPU
		{25B57CFA-2655-41EE-A1C2-3F1F2E54412F}.Release|Any CPU.ActiveCfg = Release|Any CPU
		{25B57CFA-2655-41EE-A1C2-3F1F2E54412F}.Release|Any CPU.Build.0 = Release|Any CPU
	EndGlobalSection
	GlobalSection(MonoDevelopProperties) = preSolution
		StartupItem = AlternateController.csproj
		outputpath = ..\..\..\..\..\..\..\Program Files (x86)\Steam\steamapps\common\KSP_DEBUG\GameData\KSPAlternate
	EndGlobalSection
EndGlobal
